
Microsoft Visual Studio Solution File, Format Version 12.00
# Visual Studio Version 17
VisualStudioVersion = 17.5.33627.172
MinimumVisualStudioVersion = 10.0.40219.1
Project("{FAE04EC0-301F-11D3-BF4B-00C04F79EFBC}") = "FlightBookingSystem", "FlightBookingSystem\FlightBookingSystem.csproj", "{405EF575-8D19-4C16-A713-54064F8FD7FE}"
EndProject
Project("{FAE04EC0-301F-11D3-BF4B-00C04F79EFBC}") = "FlightBookingSystem.BAL", "FlightBookingSystem.BAL\FlightBookingSystem.BAL.csproj", "{475819AC-4DEC-423A-9D24-B6D461F6D38C}"
EndProject
Project("{FAE04EC0-301F-11D3-BF4B-00C04F79EFBC}") = "FlightBookingSystem.DAL", "FlightBookingSystem.DAL\FlightBookingSystem.DAL.csproj", "{43F3DAF6-09E0-419B-8B54-C918D4AC6026}"
EndProject
Global
	GlobalSection(SolutionConfigurationPlatforms) = preSolution
		Debug|Any CPU = Debug|Any CPU
		Release|Any CPU = Release|Any CPU
	EndGlobalSection
	GlobalSection(ProjectConfigurationPlatforms) = postSolution
		{405EF575-8D19-4C16-A713-54064F8FD7FE}.Debug|Any CPU.ActiveCfg = Debug|Any CPU
		{405EF575-8D19-4C16-A713-54064F8FD7FE}.Debug|Any CPU.Build.0 = Debug|Any CPU
		{405EF575-8D19-4C16-A713-54064F8FD7FE}.Release|Any CPU.ActiveCfg = Release|Any CPU
		{405EF575-8D19-4C16-A713-54064F8FD7FE}.Release|Any CPU.Build.0 = Release|Any CPU
		{475819AC-4DEC-423A-9D24-B6D461F6D38C}.Debug|Any CPU.ActiveCfg = Debug|Any CPU
		{475819AC-4DEC-423A-9D24-B6D461F6D38C}.Debug|Any CPU.Build.0 = Debug|Any CPU
		{475819AC-4DEC-423A-9D24-B6D461F6D38C}.Release|Any CPU.ActiveCfg = Release|Any CPU
		{475819AC-4DEC-423A-9D24-B6D461F6D38C}.Release|Any CPU.Build.0 = Release|Any CPU
		{43F3DAF6-09E0-419B-8B54-C918D4AC6026}.Debug|Any CPU.ActiveCfg = Debug|Any CPU
		{43F3DAF6-09E0-419B-8B54-C918D4AC6026}.Debug|Any CPU.Build.0 = Debug|Any CPU
		{43F3DAF6-09E0-419B-8B54-C918D4AC6026}.Release|Any CPU.ActiveCfg = Release|Any CPU
		{43F3DAF6-09E0-419B-8B54-C918D4AC6026}.Release|Any CPU.Build.0 = Release|Any CPU
	EndGlobalSection
	GlobalSection(SolutionProperties) = preSolution
		HideSolutionNode = FALSE
	EndGlobalSection
	GlobalSection(ExtensibilityGlobals) = postSolution
		SolutionGuid = {0B8EE5A5-34AF-483B-9306-9BB888D66C62}
	EndGlobalSection
EndGlobal
